
Microsoft Visual Studio Solution File, Format Version 12.00
# Visual Studio 14
VisualStudioVersion = 14.0.23107.0
MinimumVisualStudioVersion = 10.0.40219.1
Project("{FAE04EC0-301F-11D3-BF4B-00C04F79EFBC}") = "ScrumCeremony", "ScrumCeremony\ScrumCeremony.csproj", "{6A5D0A9C-A16C-4B4B-BD25-FA8B7E066C7D}"
EndProject
Project("{FAE04EC0-301F-11D3-BF4B-00C04F79EFBC}") = "ScrumCeremony.Tests", "ScrumCeremony.Tests\ScrumCeremony.Tests.csproj", "{9476EBAD-6D1E-41BE-84B0-A4AA14EE8148}"
EndProject
Global
	GlobalSection(SolutionConfigurationPlatforms) = preSolution
		Debug|Any CPU = Debug|Any CPU
		Release|Any CPU = Release|Any CPU
	EndGlobalSection
	GlobalSection(ProjectConfigurationPlatforms) = postSolution
		{6A5D0A9C-A16C-4B4B-BD25-FA8B7E066C7D}.Debug|Any CPU.ActiveCfg = Debug|Any CPU
		{6A5D0A9C-A16C-4B4B-BD25-FA8B7E066C7D}.Debug|Any CPU.Build.0 = Debug|Any CPU
		{6A5D0A9C-A16C-4B4B-BD25-FA8B7E066C7D}.Release|Any CPU.ActiveCfg = Release|Any CPU
		{6A5D0A9C-A16C-4B4B-BD25-FA8B7E066C7D}.Release|Any CPU.Build.0 = Release|Any CPU
		{9476EBAD-6D1E-41BE-84B0-A4AA14EE8148}.Debug|Any CPU.ActiveCfg = Debug|Any CPU
		{9476EBAD-6D1E-41BE-84B0-A4AA14EE8148}.Debug|Any CPU.Build.0 = Debug|Any CPU
		{9476EBAD-6D1E-41BE-84B0-A4AA14EE8148}.Release|Any CPU.ActiveCfg = Release|Any CPU
		{9476EBAD-6D1E-41BE-84B0-A4AA14EE8148}.Release|Any CPU.Build.0 = Release|Any CPU
	EndGlobalSection
	GlobalSection(SolutionProperties) = preSolution
		HideSolutionNode = FALSE
	EndGlobalSection
EndGlobal
